github.com/bobadojo/go v0.0.3 h1:Hr6oaMplnK7Mv1j4nsfChFeZ0ApRdMngIqWp/MtmU5E=
github.com/bobadojo/go v0.0.3/go.mod h1:E9iGT/RP9PCYAlJ9ORDwHt5TP3BwZ0AssCz0O8aHsMU=
github.com/google/go-cmp v0.6.0 h1:ofyhxvXcZhMsU5ulbFiLKl/XBFqE1GSq7atu8tAmTRI=
github.com/google/go-cmp v0.6.0/go.mod h1:17dUlkBOakJ0+DkrSSNjCkIjxS6bF9zb3elmeNGIjoY=
github.com/tidwall/cities v0.1.0 h1:CVNkmMf7NEC9Bvokf5GoSsArHCKRMTgLuubRTHnH0mE=
github.com/tidwall/cities v0.1.0/go.mod h1:lV/HDp2gCcRcHJWqgt6Di54GiDrTZwh1aG2ZUPNbqa4=
github.com/tidwall/geoindex v1.7.0 h1:jtk41sfgwIt8MEDyC3xyKSj75iXXf6rjReJGDNPtR5o=
github.com/tidwall/geoindex v1.7.0/go.mod h1:rvVVNEFfkJVWGUdEfU8QaoOg/9zFX0h9ofWzA60mz1I=
github.com/tidwall/lotsa v1.0.2 h1:dNVBH5MErdaQ/xd9s769R31/n2dXavsQ0Yf4TMEHHw8=
github.com/tidwall/lotsa v1.0.2/go.mod h1:X6NiU+4yHA3fE3Puvpnn1XMDrFZrE9JO2/w+UMuqgR8=
github.com/tidwall/rtree v1.10.0 h1:+EcI8fboEaW1L3/9oW/6AMoQ8HiEIHyR7bQOGnmz4Mg=
github.com/tidwall/rtree v1.10.0/go.mod h1:iDJQ9NBRtbfKkzZu02za+mIlaP+bjYPnunbSNidpbCQ=
golang.org/x/net v0.26.0 h1:soB7SVo0PWrY4vPW/+ay0jKDNScG2X9wFeYlXIvJsOQ=
golang.org/x/net v0.26.0/go.mod h1:5YKkiSynbBIh3p6iOc/vibscux0x38BZDkn8sCUPxHE=
golang.org/x/net v0.30.0 h1:AcW1SDZMkb8IpzCdQUaIq2sP4sZ4zw+55h6ynffypl4=
golang.org/x/net v0.30.0/go.mod h1:2wGyMJ5iFasEhkwi13ChkO/t1ECNC4X4eBKkVFyYFlU=
golang.org/x/sys v0.21.0 h1:rF+pYz3DAGSQAxAu1CbC7catZg4ebC4UIeIhKxBZvws=
golang.org/x/sys v0.21.0/go.mod h1:/VUhepiaJMQUp4+oa/7Zr1D23ma6VTLIYjOOTFZPUcA=
golang.org/x/sys v0.26.0 h1:KHjCJyddX0LoSTb3J+vWpupP9p0oznkqVk/IfjymZbo=
golang.org/x/sys v0.26.0/go.mod h1:/VUhepiaJMQUp4+oa/7Zr1D23ma6VTLIYjOOTFZPUcA=
golang.org/x/text v0.16.0 h1:a94ExnEXNtEwYLGJSIUxnWoxoRz/ZcCsV63ROupILh4=
golang.org/x/text v0.16.0/go.mod h1:GhwF1Be+LQoKShO3cGOHzqOgRrGaYc9AvblQOmPVHnI=
golang.org/x/text v0.19.0 h1:kTxAhCbGbxhK0IwgSKiMO5awPoDQ0RpfiVYBfK860YM=
golang.org/x/text v0.19.0/go.mod h1:BuEKDfySbSR4drPmRPG/7iBdf8hvFMuRexcpahXilzY=
google.golang.org/genproto/googleapis/api v0.0.0-20240617180043-68d350f18fd4 h1:MuYw1wJzT+ZkybKfaOXKp5hJiZDn2iHaXRw0mRYdHSc=
google.golang.org/genproto/googleapis/api v0.0.0-20240617180043-68d350f18fd4/go.mod h1:px9SlOOZBg1wM1zdnr8jEL4CNGUBZ+ZKYtNPApNQc4c=
google.golang.org/genproto/googleapis/api v0.0.0-20241015192408-796eee8c2d53 h1:fVoAXEKA4+yufmbdVYv+SE73+cPZbbbe8paLsHfkK+U=
google.golang.org/genproto/googleapis/api v0.0.0-20241015192408-796eee8c2d53/go.mod h1:riSXTwQ4+nqmPGtobMFyW5FqVAmIs0St6VPp4Ug7CE4=
google.golang.org/genproto/googleapis/rpc v0.0.0-20240617180043-68d350f18fd4 h1:Di6ANFilr+S60a4S61ZM00vLdw0IrQOSMS2/6mrnOU0=
google.golang.org/genproto/googleapis/rpc v0.0.0-20240617180043-68d350f18fd4/go.mod h1:Ue6ibwXGpU+dqIcODieyLOcgj7z8+IcskoNIgZxtrFY=
google.golang.org/genproto/googleapis/rpc v0.0.0-20241015192408-796eee8c2d53 h1:X58yt85/IXCx0Y3ZwN6sEIKZzQtDEYaBWrDvErdXrRE=
google.golang.org/genproto/googleapis/rpc v0.0.0-20241015192408-796eee8c2d53/go.mod h1:GX3210XPVPUjJbTUbvwI8f2IpZDMZuPJWDzDuebbviI=
google.golang.org/grpc v1.64.0 h1:KH3VH9y/MgNQg1dE7b3XfVK0GsPSIzJwdF617gUSbvY=
google.golang.org/grpc v1.64.0/go.mod h1:oxjF8E3FBnjp+/gVFYdWacaLDx9na1aqy9oovLpxQYg=
google.golang.org/grpc v1.67.1 h1:zWnc1Vrcno+lHZCOofnIMvycFcc0QRGIzm9dhnDX68E=
google.golang.org/grpc v1.67.1/go.mod h1:1gLDyUQU7CTLJI90u3nXZ9ekeghjeM7pTDZlqFNg2AA=
google.golang.org/protobuf v1.34.2 h1:6xV6lTsCfpGD21XK49h7MhtcApnLqkfYgPcdHftf6hg=
google.golang.org/protobuf v1.34.2/go.mod h1:qYOHts0dSfpeUzUFpOMr/WGzszTmLH+DiWniOlNbLDw=
google.golang.org/protobuf v1.35.1 h1:m3LfL6/Ca+fqnjnlqQXNpFPABW1UD7mjh8KO2mKFytA=
google.golang.org/protobuf v1.35.1/go.mod h1:9fA7Ob0pmnwhb644+1+CVWFRbNajQ6iRojtC/QF5bRE=
